
Microsoft Visual Studio Solution File, Format Version 12.00
# Visual Studio Version 17
VisualStudioVersion = 17.14.36327.8 d17.14
MinimumVisualStudioVersion = 10.0.40219.1
Project("{FAE04EC0-301F-11D3-BF4B-00C04F79EFBC}") = "Communication_VertLavenir", "Communication_VertLavenir\Communication_VertLavenir.csproj", "{6122A6C6-8D81-4658-B986-1B6D94FF0827}"
EndProject
Project("{FAE04EC0-301F-11D3-BF4B-00C04F79EFBC}") = "Models", "Models\Models.csproj", "{7988C88E-1422-4C5A-A1BE-D5A3AD794215}"
EndProject
Global
	GlobalSection(SolutionConfigurationPlatforms) = preSolution
		Debug|Any CPU = Debug|Any CPU
		Release|Any CPU = Release|Any CPU
	EndGlobalSection
	GlobalSection(ProjectConfigurationPlatforms) = postSolution
		{6122A6C6-8D81-4658-B986-1B6D94FF0827}.Debug|Any CPU.ActiveCfg = Debug|Any CPU
		{6122A6C6-8D81-4658-B986-1B6D94FF0827}.Debug|Any CPU.Build.0 = Debug|Any CPU
		{6122A6C6-8D81-4658-B986-1B6D94FF0827}.Release|Any CPU.ActiveCfg = Release|Any CPU
		{6122A6C6-8D81-4658-B986-1B6D94FF0827}.Release|Any CPU.Build.0 = Release|Any CPU
		{7988C88E-1422-4C5A-A1BE-D5A3AD794215}.Debug|Any CPU.ActiveCfg = Debug|Any CPU
		{7988C88E-1422-4C5A-A1BE-D5A3AD794215}.Debug|Any CPU.Build.0 = Debug|Any CPU
		{7988C88E-1422-4C5A-A1BE-D5A3AD794215}.Release|Any CPU.ActiveCfg = Release|Any CPU
		{7988C88E-1422-4C5A-A1BE-D5A3AD794215}.Release|Any CPU.Build.0 = Release|Any CPU
	EndGlobalSection
	GlobalSection(SolutionProperties) = preSolution
		HideSolutionNode = FALSE
	EndGlobalSection
	GlobalSection(ExtensibilityGlobals) = postSolution
		SolutionGuid = {CE6681F5-9251-4CFE-9BB3-F23DF8040098}
	EndGlobalSection
EndGlobal
